// !$*UTF8*$!
{
	archiveVersion = 1;
	classes = {
	};
	objectVersion = 46;
	objects = {

/* Begin PBXBuildFile section */
		A7CE7B0D1D1E4A03003B5629 /* main.swift in Sources */ = {isa = PBXBuildFile; fileRef = A7CE7B0C1D1E4A03003B5629 /* main.swift */; };
/* End PBXBuildFile section */

/* Begin PBXCopyFilesBuildPhase section */
		A7CE7B071D1E4A03003B5629 /* CopyFiles */ = {
			isa = PBXCopyFilesBuildPhase;
			buildActionMask = 2147483647;
			dstPath = /usr/share/man/man1/;
			dstSubfolderSpec = 0;
			files = (
			);
			runOnlyForDeploymentPostprocessing = 1;
		};
/* End PBXCopyFilesBuildPhase section */

/* Begin PBXFileReference section */
		A7CE7B091D1E4A03003B5629 /* WeatherScrape */ = {isa = PBXFileReference; explicitFileType = "compiled.mach-o.executable"; includeInIndex = 0; path = WeatherScrape; sourceTree = BUILT_PRODUCTS_DIR; };
		A7CE7B0C1D1E4A03003B5629 /* main.swift */ = {isa = PBXFileReference; lastKnownFileType = sourcecode.swift; path = main.swift; sourceTree = "<group>"; };
/* End PBXFileReference section */

/* Begin PBXFrameworksBuildPhase section */
		A7CE7B061D1E4A03003B5629 /* Frameworks */ = {
			isa = PBXFrameworksBuildPhase;
			buildActionMask = 2147483647;
			files = (
			);
			runOnlyForDeploymentPostprocessing = 0;
		};
/* End PBXFrameworksBuildPhase section */

/* Begin PBXGroup section */
		A7CE7B001D1E4A03003B5629 = {
			isa = PBXGroup;
			children = (
				A7CE7B0B1D1E4A03003B5629 /* WeatherScrape */,
				A7CE7B0A1D1E4A03003B5629 /* Products */,
			);
			sourceTree = "<group>";
		};
		A7CE7B0A1D1E4A03003B5629 /* Products */ = {
			isa = PBXGroup;
			children = (
				A7CE7B091D1E4A03003B5629 /* WeatherScrape */,
			);
			name = Products;
			sourceTree = "<group>";
		};
		A7CE7B0B1D1E4A03003B5629 /* WeatherScrape */ = {
			isa = PBXGroup;
			children = (
				A7CE7B0C1D1E4A03003B5629 /* main.swift */,
			);
			path = WeatherScrape;
			sourceTree = "<group>";
		};
/* End PBXGroup section */

/* Begin PBXNativeTarget section */
		A7CE7B081D1E4A03003B5629 /* WeatherScrape */ = {
			isa = PBXNativeTarget;
			buildConfigurationList = A7CE7B101D1E4A03003B5629 /* Build configuration list for PBXNativeTarget "WeatherScrape" */;
			buildPhases = (
				A7CE7B051D1E4A03003B5629 /* Sources */,
				A7CE7B061D1E4A03003B5629 /* Frameworks */,
				A7CE7B071D1E4A03003B5629 /* CopyFiles */,
			);
			buildRules = (
			);
			dependencies = (
			);
			name = WeatherScrape;
			productName = WeatherScrape;
			productReference = A7CE7B091D1E4A03003B5629 /* WeatherScrape */;
			productType = "com.apple.product-type.tool";
		};
/* End PBXNativeTarget section */

/* Begin PBXProject section */
		A7CE7B011D1E4A03003B5629 /* Project object */ = {
			isa = PBXProject;
			attributes = {
				LastSwiftUpdateCheck = 0800;
				LastUpgradeCheck = 0800;
				ORGANIZATIONNAME = "Coodly LLC";
				TargetAttributes = {
					A7CE7B081D1E4A03003B5629 = {
						CreatedOnToolsVersion = 8.0;
						DevelopmentTeam = 5T8DRBFCBP;
						DevelopmentTeamName = "Coodly OU";
						ProvisioningStyle = Automatic;
					};
				};
			};
			buildConfigurationList = A7CE7B041D1E4A03003B5629 /* Build configuration list for PBXProject "WeatherScrape" */;
			compatibilityVersion = "Xcode 3.2";
			developmentRegion = English;
			hasScannedForEncodings = 0;
			knownRegions = (
				en,
			);
			mainGroup = A7CE7B001D1E4A03003B5629;
			productRefGroup = A7CE7B0A1D1E4A03003B5629 /* Products */;
			projectDirPath = "";
			projectRoot = "";
			targets = (
				A7CE7B081D1E4A03003B5629 /* WeatherScrape */,
			);
		};
/* End PBXProject section */

/* Begin PBXSourcesBuildPhase section */
		A7CE7B051D1E4A03003B5629 /* Sources */ = {
			isa = PBXSourcesBuildPhase;
			buildActionMask = 2147483647;
			files = (
				A7CE7B0D1D1E4A03003B5629 /* main.swift in Sources */,
			);
			runOnlyForDeploymentPostprocessing = 0;
		};
/* End PBXSourcesBuildPhase section */

/* Begin XCBuildConfiguration section */
		A7CE7B0E1D1E4A03003B5629 /* Debug */ = {
			isa = XCBuildConfiguration;
			buildSettings = {
				ALWAYS_SEARCH_USER_PATHS = NO;
				CLANG_ANALYZER_NONNULL = YES;
				CLANG_CXX_LANGUAGE_STANDARD = "gnu++0x";
				CLANG_CXX_LIBRARY = "libc++";
				CLANG_ENABLE_MODULES = YES;
				CLANG_ENABLE_OBJC_ARC = YES;
				CLANG_WARN_BOOL_CONVERSION = YES;
				CLANG_WARN_CONSTANT_CONVERSION = YES;
				CLANG_WARN_DIRECT_OBJC_ISA_USAGE = YES_ERROR;
				CLANG_WARN_DOCUMENTATION_COMMENTS = YES;
				CLANG_WARN_EMPTY_BODY = YES;
				CLANG_WARN_ENUM_CONVERSION = YES;
				CLANG_WARN_INT_CONVERSION = YES;
				CLANG_WARN_OBJC_ROOT_CLASS = YES_ERROR;
				CLANG_WARN_UNREACHABLE_CODE = YES;
				CLANG_WARN__DUPLICATE_METHOD_MATCH = YES;
				CODE_SIGN_IDENTITY = "-";
				COPY_PHASE_STRIP = NO;
				DEBUG_INFORMATION_FORMAT = dwarf;
				ENABLE_STRICT_OBJC_MSGSEND = YES;
				ENABLE_TESTABILITY = YES;
				GCC_C_LANGUAGE_STANDARD = gnu99;
				GCC_DYNAMIC_NO_PIC = NO;
				GCC_NO_COMMON_BLOCKS = YES;
				GCC_OPTIMIZATION_LEVEL = 0;
				GCC_PREPROCESSOR_DEFINITIONS = (
					"DEBUG=1",
					"$(inherited)",
				);
				GCC_WARN_64_TO_32_BIT_CONVERSION = YES;
				GCC_WARN_ABOUT_RETURN_TYPE = YES_ERROR;
				GCC_WARN_UNDECLARED_SELECTOR = YES;
				GCC_WARN_UNINITIALIZED_AUTOS = YES_AGGRESSIVE;
				GCC_WARN_UNUSED_FUNCTION = YES;
				GCC_WARN_UNUSED_VARIABLE = YES;
				MACOSX_DEPLOYMENT_TARGET = 10.11;
				MTL_ENABLE_DEBUG_INFO = YES;
				ONLY_ACTIVE_ARCH = YES;
				SDKROOT = macosx;
				SWIFT_OPTIMIZATION_LEVEL = "-Onone";
			};
			name = Debug;
		};
		A7CE7B0F1D1E4A03003B5629 /* Release */ = {
			isa = XCBuildConfiguration;
			buildSettings = {
				ALWAYS_SEARCH_USER_PATHS = NO;
				CLANG_ANALYZER_NONNULL = YES;
				CLANG_CXX_LANGUAGE_STANDARD = "gnu++0x";
				CLANG_CXX_LIBRARY = "libc++";
				CLANG_ENABLE_MODULES = YES;
				CLANG_ENABLE_OBJC_ARC = YES;
				CLANG_WARN_BOOL_CONVERSION = YES;
				CLANG_WARN_CONSTANT_CONVERSION = YES;
				CLANG_WARN_DIRECT_OBJC_ISA_USAGE = YES_ERROR;
				CLANG_WARN_DOCUMENTATION_COMMENTS = YES;
				CLANG_WARN_EMPTY_BODY = YES;
				CLANG_WARN_ENUM_CONVERSION = YES;
				CLANG_WARN_INT_CONVERSION = YES;
				CLANG_WARN_OBJC_ROOT_CLASS = YES_ERROR;
				CLANG_WARN_UNREACHABLE_CODE = YES;
				CLANG_WARN__DUPLICATE_METHOD_MATCH = YES;
				CODE_SIGN_IDENTITY = "-";
				COPY_PHASE_STRIP = NO;
				DEBUG_INFORMATION_FORMAT = "dwarf-with-dsym";
				ENABLE_NS_ASSERTIONS = NO;
				ENABLE_STRICT_OBJC_MSGSEND = YES;
				GCC_C_LANGUAGE_STANDARD = gnu99;
				GCC_NO_COMMON_BLOCKS = YES;
				GCC_WARN_64_TO_32_BIT_CONVERSION = YES;
				GCC_WARN_ABOUT_RETURN_TYPE = YES_ERROR;
				GCC_WARN_UNDECLARED_SELECTOR = YES;
				GCC_WARN_UNINITIALIZED_AUTOS = YES_AGGRESSIVE;
				GCC_WARN_UNUSED_FUNCTION = YES;
				GCC_WARN_UNUSED_VARIABLE = YES;
				MACOSX_DEPLOYMENT_TARGET = 10.11;
				MTL_ENABLE_DEBUG_INFO = NO;
				SDKROOT = macosx;
			};
			name = Release;
		};
		A7CE7B111D1E4A03003B5629 /* Debug */ = {
			isa = XCBuildConfiguration;
			buildSettings = {
				PRODUCT_NAME = "$(TARGET_NAME)";
			};
			name = Debug;
		};
		A7CE7B121D1E4A03003B5629 /* Release */ = {
			isa = XCBuildConfiguration;
			buildSettings = {
				PRODUCT_NAME = "$(TARGET_NAME)";
			};
			name = Release;
		};
/* End XCBuildConfiguration section */

/* Begin XCConfigurationList section */
		A7CE7B041D1E4A03003B5629 /* Build configuration list for PBXProject "WeatherScrape" */ = {
			isa = XCConfigurationList;
			buildConfigurations = (
				A7CE7B0E1D1E4A03003B5629 /* Debug */,
				A7CE7B0F1D1E4A03003B5629 /* Release */,
			);
			defaultConfigurationIsVisible = 0;
			defaultConfigurationName = Release;
		};
		A7CE7B101D1E4A03003B5629 /* Build configuration list for PBXNativeTarget "WeatherScrape" */ = {
			isa = XCConfigurationList;
			buildConfigurations = (
				A7CE7B111D1E4A03003B5629 /* Debug */,
				A7CE7B121D1E4A03003B5629 /* Release */,
			);
			defaultConfigurationIsVisible = 0;
		};
/* End XCConfigurationList section */
	};
	rootObject = A7CE7B011D1E4A03003B5629 /* Project object */;
}
